
Microsoft Visual Studio Solution File, Format Version 12.00
# Visual Studio Version 17
VisualStudioVersion = 17.9.34728.123
MinimumVisualStudioVersion = 10.0.40219.1
Project("{FAE04EC0-301F-11D3-BF4B-00C04F79EFBC}") = "Actividad - COLECCIONES - Donda, Melisa Ileana", "Actividad - COLECCIONES - Donda, Melisa Ileana.csproj", "{80A684DB-08A2-4E98-8008-1FEF44C74DCC}"
EndProject
Global
	GlobalSection(SolutionConfigurationPlatforms) = preSolution
		Debug|Any CPU = Debug|Any CPU
		Release|Any CPU = Release|Any CPU
	EndGlobalSection
	GlobalSection(ProjectConfigurationPlatforms) = postSolution
		{80A684DB-08A2-4E98-8008-1FEF44C74DCC}.Debug|Any CPU.ActiveCfg = Debug|Any CPU
		{80A684DB-08A2-4E98-8008-1FEF44C74DCC}.Debug|Any CPU.Build.0 = Debug|Any CPU
		{80A684DB-08A2-4E98-8008-1FEF44C74DCC}.Release|Any CPU.ActiveCfg = Release|Any CPU
		{80A684DB-08A2-4E98-8008-1FEF44C74DCC}.Release|Any CPU.Build.0 = Release|Any CPU
	EndGlobalSection
	GlobalSection(SolutionProperties) = preSolution
		HideSolutionNode = FALSE
	EndGlobalSection
	GlobalSection(ExtensibilityGlobals) = postSolution
		SolutionGuid = {4771E1C7-D8E6-4083-9EC9-026D28365283}
	EndGlobalSection
EndGlobal
